
Microsoft Visual Studio Solution File, Format Version 12.00
# Visual Studio Version 17
VisualStudioVersion = 17.3.32922.545
MinimumVisualStudioVersion = 10.0.40219.1
Project("{9A19103F-16F7-4668-BE54-9A1E7A4F7556}") = "GameList", "GameList\GameList.csproj", "{8C652A6D-295B-411E-B2A1-2E61962D1328}"
EndProject
Project("{FAE04EC0-301F-11D3-BF4B-00C04F79EFBC}") = "GameList.Tests", "GameList.Tests\GameList.Tests.csproj", "{C1F68B02-352D-49F2-8B3A-583839D83B0B}"
EndProject
Global
	GlobalSection(SolutionConfigurationPlatforms) = preSolution
		Debug|Any CPU = Debug|Any CPU
		Release|Any CPU = Release|Any CPU
	EndGlobalSection
	GlobalSection(ProjectConfigurationPlatforms) = postSolution
		{8C652A6D-295B-411E-B2A1-2E61962D1328}.Debug|Any CPU.ActiveCfg = Debug|Any CPU
		{8C652A6D-295B-411E-B2A1-2E61962D1328}.Debug|Any CPU.Build.0 = Debug|Any CPU
		{8C652A6D-295B-411E-B2A1-2E61962D1328}.Release|Any CPU.ActiveCfg = Release|Any CPU
		{8C652A6D-295B-411E-B2A1-2E61962D1328}.Release|Any CPU.Build.0 = Release|Any CPU
		{C1F68B02-352D-49F2-8B3A-583839D83B0B}.Debug|Any CPU.ActiveCfg = Debug|Any CPU
		{C1F68B02-352D-49F2-8B3A-583839D83B0B}.Debug|Any CPU.Build.0 = Debug|Any CPU
		{C1F68B02-352D-49F2-8B3A-583839D83B0B}.Release|Any CPU.ActiveCfg = Release|Any CPU
		{C1F68B02-352D-49F2-8B3A-583839D83B0B}.Release|Any CPU.Build.0 = Release|Any CPU
	EndGlobalSection
	GlobalSection(SolutionProperties) = preSolution
		HideSolutionNode = FALSE
	EndGlobalSection
	GlobalSection(ExtensibilityGlobals) = postSolution
		SolutionGuid = {A138A604-E46D-4369-AA11-7529286AC4D0}
	EndGlobalSection
EndGlobal
